{
  "version": 1,
  "dependencies": {
    "net10.0": {
      "Microsoft.AnalysisServices": {
        "type": "Direct",
        "requested": "[19.114.8, 19.114.8]",
        "resolved": "19.114.8",
        "contentHash": "6V61ctP+/OHGCslG0nUGyoKmh3w79cHDAstD7pWTFKWaKs7787De16oIebHMnFDaJHRFyZD3FS+5hjhvotBxug==",
        "dependencies": {
          "Microsoft.Identity.Client": "4.83.3",
          "Microsoft.Identity.Client.Broker": "4.83.3"
        }
      },
      "Microsoft.Identity.Client": {
        "type": "Transitive",
        "resolved": "4.83.3",
        "contentHash": "XNJJn5uctuGvl3u6qzAof2TNysAZ/PPVKzkAglxvTO5XHgff/Ibs1+yi2G26Xrf6X/f780kS4fMKKdHcGb96hQ==",
        "dependencies": {
          "Microsoft.IdentityModel.Abstractions": "8.14.0"
        }
      },
      "Microsoft.Identity.Client.Broker": {
        "type": "Transitive",
        "resolved": "4.83.3",
        "contentHash": "1yn682hgnCimnYR27Ne/SRMWxCWUZtCKjYwPzWbjrfhqBF1GS7bDlPZkF4yvJxl90Y+xzDdZFh4u9pcGIFSEvw==",
        "dependencies": {
          "Microsoft.Identity.Client": "4.83.3",
          "Microsoft.Identity.Client.NativeInterop": "0.20.4"
        }
      },
      "Microsoft.Identity.Client.NativeInterop": {
        "type": "Transitive",
        "resolved": "0.20.4",
        "contentHash": "JHlfJ8oolxj20sNlwdIh8H8MZtzVQ55MyOjrIrQCtD/KJL5x8EOjQxafYu8AEYZOCSW+09DQnRogGk+J37BURA=="
      },
      "Microsoft.IdentityModel.Abstractions": {
        "type": "Transitive",
        "resolved": "8.14.0",
        "contentHash": "iwbCpSjD3ehfTwBhtSNEtKPK0ICun6ov7Ibx6ISNA9bfwIyzI2Siwyi9eJFCJBwxowK9xcA1mj+jBWiigeqgcQ=="
      }
    }
  }
}